
Microsoft Visual Studio Solution File, Format Version 12.00
# Visual Studio Version 16
VisualStudioVersion = 16.0.30804.86
MinimumVisualStudioVersion = 10.0.40219.1
Project("{9A19103F-16F7-4668-BE54-9A1E7A4F7556}") = "ChainOfResponsability", "ChainOfResponsability\ChainOfResponsability.csproj", "{E98FB45D-4910-4761-B8FD-4279F3CBB2D3}"
EndProject
Project("{9A19103F-16F7-4668-BE54-9A1E7A4F7556}") = "Singleton", "Singleton\Singleton.csproj", "{2CC40429-7639-4974-B729-22A5679AA0C0}"
EndProject
Project("{9A19103F-16F7-4668-BE54-9A1E7A4F7556}") = "Decorator", "Decorator\Decorator.csproj", "{E0C8FC7C-66C9-4C2E-8FA9-1CA6EACF7F94}"
EndProject
Project("{9A19103F-16F7-4668-BE54-9A1E7A4F7556}") = "Facade", "Facade\Facade.csproj", "{BB655128-53BD-42CB-9182-58F2EA4C2ED2}"
EndProject
Project("{9A19103F-16F7-4668-BE54-9A1E7A4F7556}") = "Command", "Command\Command.csproj", "{D3781029-2109-4FB5-8DDB-77FBC87B0336}"
EndProject
Project("{9A19103F-16F7-4668-BE54-9A1E7A4F7556}") = "Observer", "Observer\Observer.csproj", "{763352BE-9604-42C3-B889-5125D7B0E4A9}"
EndProject
Project("{9A19103F-16F7-4668-BE54-9A1E7A4F7556}") = "Mediator", "Mediator\Mediator.csproj", "{623DE97C-BAA1-4C56-94E5-03529CD82845}"
EndProject
Project("{9A19103F-16F7-4668-BE54-9A1E7A4F7556}") = "Template", "Template\Template.csproj", "{E3C948EC-84CE-44D6-8844-843320557A4E}"
EndProject
Project("{9A19103F-16F7-4668-BE54-9A1E7A4F7556}") = "AbstractFactory", "AbstractFactory\AbstractFactory.csproj", "{716E5AF7-6C66-48EE-8CC4-4BCA133C50B3}"
EndProject
Project("{9A19103F-16F7-4668-BE54-9A1E7A4F7556}") = "FactoryMethod", "FactoryMethod\FactoryMethod.csproj", "{83C786CC-3C30-4B17-B04E-C66827BE163C}"
EndProject
Project("{9A19103F-16F7-4668-BE54-9A1E7A4F7556}") = "Memento", "Memento\Memento.csproj", "{1D24E52A-EAE4-4078-88BE-7596C9ED2145}"
EndProject
Project("{9A19103F-16F7-4668-BE54-9A1E7A4F7556}") = "Adapter", "Adapter\Adapter.csproj", "{FBDB937B-734D-4A87-B5C2-BC7BBE954899}"
EndProject
Project("{9A19103F-16F7-4668-BE54-9A1E7A4F7556}") = "Builder", "Builder\Builder.csproj", "{D81E7401-D039-4A3E-A7F9-82FB261617B6}"
EndProject
Project("{9A19103F-16F7-4668-BE54-9A1E7A4F7556}") = "State", "State\State.csproj", "{E085B83F-AC93-4BF7-8FAB-4427E5230070}"
EndProject
Project("{9A19103F-16F7-4668-BE54-9A1E7A4F7556}") = "Proxy", "Proxy\Proxy.csproj", "{DB64B880-84D7-459D-9F9E-3BBE58385697}"
EndProject
Project("{9A19103F-16F7-4668-BE54-9A1E7A4F7556}") = "Composite", "Composite\Composite.csproj", "{1BD08DC0-8D4A-42A7-9BE0-4D5EA749290F}"
EndProject
Project("{9A19103F-16F7-4668-BE54-9A1E7A4F7556}") = "Strategy", "Strategy\Strategy.csproj", "{9DA0A0D1-D652-4333-A1F3-CE43D8042D9F}"
EndProject
Project("{9A19103F-16F7-4668-BE54-9A1E7A4F7556}") = "Prototype", "Prototype\Prototype.csproj", "{FB0C1993-0F19-49E2-8DD6-F42746D1D134}"
EndProject
Project("{9A19103F-16F7-4668-BE54-9A1E7A4F7556}") = "Visitor", "Visitor\Visitor.csproj", "{CFCD2CA1-4D7C-4DDC-ADC3-46C0E6A85EDE}"
EndProject
Project("{9A19103F-16F7-4668-BE54-9A1E7A4F7556}") = "Flyweight", "Flyweight\Flyweight.csproj", "{4062E782-3F83-48FE-9189-2DAA6445AAA9}"
EndProject
Project("{9A19103F-16F7-4668-BE54-9A1E7A4F7556}") = "Bridge", "Bridge\Bridge.csproj", "{2450ACF8-FB9F-4D0E-A709-3EEC919A3F18}"
EndProject
Project("{9A19103F-16F7-4668-BE54-9A1E7A4F7556}") = "Interpreter", "Interpreter\Interpreter.csproj", "{6419E0D9-8FF8-4952-A2D0-31B6364684CE}"
EndProject
Project("{9A19103F-16F7-4668-BE54-9A1E7A4F7556}") = "Iterator", "Iterator\Iterator.csproj", "{CD700B3B-B347-42AB-94D9-0F85E25E3CDE}"
EndProject
Project("{9A19103F-16F7-4668-BE54-9A1E7A4F7556}") = "CircuitBreaker", "CircuitBreaker\CircuitBreaker.csproj", "{5886D87A-BA68-4DBB-8DDF-4EC36111BA05}"
EndProject
Global
	GlobalSection(SolutionConfigurationPlatforms) = preSolution
		Debug|Any CPU = Debug|Any CPU
		Release|Any CPU = Release|Any CPU
	EndGlobalSection
	GlobalSection(ProjectConfigurationPlatforms) = postSolution
		{E98FB45D-4910-4761-B8FD-4279F3CBB2D3}.Debug|Any CPU.ActiveCfg = Debug|Any CPU
		{E98FB45D-4910-4761-B8FD-4279F3CBB2D3}.Debug|Any CPU.Build.0 = Debug|Any CPU
		{E98FB45D-4910-4761-B8FD-4279F3CBB2D3}.Release|Any CPU.ActiveCfg = Release|Any CPU
		{E98FB45D-4910-4761-B8FD-4279F3CBB2D3}.Release|Any CPU.Build.0 = Release|Any CPU
		{2CC40429-7639-4974-B729-22A5679AA0C0}.Debug|Any CPU.ActiveCfg = Debug|Any CPU
		{2CC40429-7639-4974-B729-22A5679AA0C0}.Debug|Any CPU.Build.0 = Debug|Any CPU
		{2CC40429-7639-4974-B729-22A5679AA0C0}.Release|Any CPU.ActiveCfg = Release|Any CPU
		{2CC40429-7639-4974-B729-22A5679AA0C0}.Release|Any CPU.Build.0 = Release|Any CPU
		{E0C8FC7C-66C9-4C2E-8FA9-1CA6EACF7F94}.Debug|Any CPU.ActiveCfg = Debug|Any CPU
		{E0C8FC7C-66C9-4C2E-8FA9-1CA6EACF7F94}.Debug|Any CPU.Build.0 = Debug|Any CPU
		{E0C8FC7C-66C9-4C2E-8FA9-1CA6EACF7F94}.Release|Any CPU.ActiveCfg = Release|Any CPU
		{E0C8FC7C-66C9-4C2E-8FA9-1CA6EACF7F94}.Release|Any CPU.Build.0 = Release|Any CPU
		{BB655128-53BD-42CB-9182-58F2EA4C2ED2}.Debug|Any CPU.ActiveCfg = Debug|Any CPU
		{BB655128-53BD-42CB-9182-58F2EA4C2ED2}.Debug|Any CPU.Build.0 = Debug|Any CPU
		{BB655128-53BD-42CB-9182-58F2EA4C2ED2}.Release|Any CPU.ActiveCfg = Release|Any CPU
		{BB655128-53BD-42CB-9182-58F2EA4C2ED2}.Release|Any CPU.Build.0 = Release|Any CPU
		{D3781029-2109-4FB5-8DDB-77FBC87B0336}.Debug|Any CPU.ActiveCfg = Debug|Any CPU
		{D3781029-2109-4FB5-8DDB-77FBC87B0336}.Debug|Any CPU.Build.0 = Debug|Any CPU
		{D3781029-2109-4FB5-8DDB-77FBC87B0336}.Release|Any CPU.ActiveCfg = Release|Any CPU
		{D3781029-2109-4FB5-8DDB-77FBC87B0336}.Release|Any CPU.Build.0 = Release|Any CPU
		{763352BE-9604-42C3-B889-5125D7B0E4A9}.Debug|Any CPU.ActiveCfg = Debug|Any CPU
		{763352BE-9604-42C3-B889-5125D7B0E4A9}.Debug|Any CPU.Build.0 = Debug|Any CPU
		{763352BE-9604-42C3-B889-5125D7B0E4A9}.Release|Any CPU.ActiveCfg = Release|Any CPU
		{763352BE-9604-42C3-B889-5125D7B0E4A9}.Release|Any CPU.Build.0 = Release|Any CPU
		{623DE97C-BAA1-4C56-94E5-03529CD82845}.Debug|Any CPU.ActiveCfg = Debug|Any CPU
		{623DE97C-BAA1-4C56-94E5-03529CD82845}.Debug|Any CPU.Build.0 = Debug|Any CPU
		{623DE97C-BAA1-4C56-94E5-03529CD82845}.Release|Any CPU.ActiveCfg = Release|Any CPU
		{623DE97C-BAA1-4C56-94E5-03529CD82845}.Release|Any CPU.Build.0 = Release|Any CPU
		{E3C948EC-84CE-44D6-8844-843320557A4E}.Debug|Any CPU.ActiveCfg = Debug|Any CPU
		{E3C948EC-84CE-44D6-8844-843320557A4E}.Debug|Any CPU.Build.0 = Debug|Any CPU
		{E3C948EC-84CE-44D6-8844-843320557A4E}.Release|Any CPU.ActiveCfg = Release|Any CPU
		{E3C948EC-84CE-44D6-8844-843320557A4E}.Release|Any CPU.Build.0 = Release|Any CPU
		{716E5AF7-6C66-48EE-8CC4-4BCA133C50B3}.Debug|Any CPU.ActiveCfg = Debug|Any CPU
		{716E5AF7-6C66-48EE-8CC4-4BCA133C50B3}.Debug|Any CPU.Build.0 = Debug|Any CPU
		{716E5AF7-6C66-48EE-8CC4-4BCA133C50B3}.Release|Any CPU.ActiveCfg = Release|Any CPU
		{716E5AF7-6C66-48EE-8CC4-4BCA133C50B3}.Release|Any CPU.Build.0 = Release|Any CPU
		{83C786CC-3C30-4B17-B04E-C66827BE163C}.Debug|Any CPU.ActiveCfg = Debug|Any CPU
		{83C786CC-3C30-4B17-B04E-C66827BE163C}.Debug|Any CPU.Build.0 = Debug|Any CPU
		{83C786CC-3C30-4B17-B04E-C66827BE163C}.Release|Any CPU.ActiveCfg = Release|Any CPU
		{83C786CC-3C30-4B17-B04E-C66827BE163C}.Release|Any CPU.Build.0 = Release|Any CPU
		{1D24E52A-EAE4-4078-88BE-7596C9ED2145}.Debug|Any CPU.ActiveCfg = Debug|Any CPU
		{1D24E52A-EAE4-4078-88BE-7596C9ED2145}.Debug|Any CPU.Build.0 = Debug|Any CPU
		{1D24E52A-EAE4-4078-88BE-7596C9ED2145}.Release|Any CPU.ActiveCfg = Release|Any CPU
		{1D24E52A-EAE4-4078-88BE-7596C9ED2145}.Release|Any CPU.Build.0 = Release|Any CPU
		{FBDB937B-734D-4A87-B5C2-BC7BBE954899}.Debug|Any CPU.ActiveCfg = Debug|Any CPU
		{FBDB937B-734D-4A87-B5C2-BC7BBE954899}.Debug|Any CPU.Build.0 = Debug|Any CPU
		{FBDB937B-734D-4A87-B5C2-BC7BBE954899}.Release|Any CPU.ActiveCfg = Release|Any CPU
		{FBDB937B-734D-4A87-B5C2-BC7BBE954899}.Release|Any CPU.Build.0 = Release|Any CPU
		{D81E7401-D039-4A3E-A7F9-82FB261617B6}.Debug|Any CPU.ActiveCfg = Debug|Any CPU
		{D81E7401-D039-4A3E-A7F9-82FB261617B6}.Debug|Any CPU.Build.0 = Debug|Any CPU
		{D81E7401-D039-4A3E-A7F9-82FB261617B6}.Release|Any CPU.ActiveCfg = Release|Any CPU
		{D81E7401-D039-4A3E-A7F9-82FB261617B6}.Release|Any CPU.Build.0 = Release|Any CPU
		{E085B83F-AC93-4BF7-8FAB-4427E5230070}.Debug|Any CPU.ActiveCfg = Debug|Any CPU
		{E085B83F-AC93-4BF7-8FAB-4427E5230070}.Debug|Any CPU.Build.0 = Debug|Any CPU
		{E085B83F-AC93-4BF7-8FAB-4427E5230070}.Release|Any CPU.ActiveCfg = Release|Any CPU
		{E085B83F-AC93-4BF7-8FAB-4427E5230070}.Release|Any CPU.Build.0 = Release|Any CPU
		{DB64B880-84D7-459D-9F9E-3BBE58385697}.Debug|Any CPU.ActiveCfg = Debug|Any CPU
		{DB64B880-84D7-459D-9F9E-3BBE58385697}.Debug|Any CPU.Build.0 = Debug|Any CPU
		{DB64B880-84D7-459D-9F9E-3BBE58385697}.Release|Any CPU.ActiveCfg = Release|Any CPU
		{DB64B880-84D7-459D-9F9E-3BBE58385697}.Release|Any CPU.Build.0 = Release|Any CPU
		{1BD08DC0-8D4A-42A7-9BE0-4D5EA749290F}.Debug|Any CPU.ActiveCfg = Debug|Any CPU
		{1BD08DC0-8D4A-42A7-9BE0-4D5EA749290F}.Debug|Any CPU.Build.0 = Debug|Any CPU
		{1BD08DC0-8D4A-42A7-9BE0-4D5EA749290F}.Release|Any CPU.ActiveCfg = Release|Any CPU
		{1BD08DC0-8D4A-42A7-9BE0-4D5EA749290F}.Release|Any CPU.Build.0 = Release|Any CPU
		{9DA0A0D1-D652-4333-A1F3-CE43D8042D9F}.Debug|Any CPU.ActiveCfg = Debug|Any CPU
		{9DA0A0D1-D652-4333-A1F3-CE43D8042D9F}.Debug|Any CPU.Build.0 = Debug|Any CPU
		{9DA0A0D1-D652-4333-A1F3-CE43D8042D9F}.Release|Any CPU.ActiveCfg = Release|Any CPU
		{9DA0A0D1-D652-4333-A1F3-CE43D8042D9F}.Release|Any CPU.Build.0 = Release|Any CPU
		{FB0C1993-0F19-49E2-8DD6-F42746D1D134}.Debug|Any CPU.ActiveCfg = Debug|Any CPU
		{FB0C1993-0F19-49E2-8DD6-F42746D1D134}.Debug|Any CPU.Build.0 = Debug|Any CPU
		{FB0C1993-0F19-49E2-8DD6-F42746D1D134}.Release|Any CPU.ActiveCfg = Release|Any CPU
		{FB0C1993-0F19-49E2-8DD6-F42746D1D134}.Release|Any CPU.Build.0 = Release|Any CPU
		{CFCD2CA1-4D7C-4DDC-ADC3-46C0E6A85EDE}.Debug|Any CPU.ActiveCfg = Debug|Any CPU
		{CFCD2CA1-4D7C-4DDC-ADC3-46C0E6A85EDE}.Debug|Any CPU.Build.0 = Debug|Any CPU
		{CFCD2CA1-4D7C-4DDC-ADC3-46C0E6A85EDE}.Release|Any CPU.ActiveCfg = Release|Any CPU
		{CFCD2CA1-4D7C-4DDC-ADC3-46C0E6A85EDE}.Release|Any CPU.Build.0 = Release|Any CPU
		{4062E782-3F83-48FE-9189-2DAA6445AAA9}.Debug|Any CPU.ActiveCfg = Debug|Any CPU
		{4062E782-3F83-48FE-9189-2DAA6445AAA9}.Debug|Any CPU.Build.0 = Debug|Any CPU
		{4062E782-3F83-48FE-9189-2DAA6445AAA9}.Release|Any CPU.ActiveCfg = Release|Any CPU
		{4062E782-3F83-48FE-9189-2DAA6445AAA9}.Release|Any CPU.Build.0 = Release|Any CPU
		{2450ACF8-FB9F-4D0E-A709-3EEC919A3F18}.Debug|Any CPU.ActiveCfg = Debug|Any CPU
		{2450ACF8-FB9F-4D0E-A709-3EEC919A3F18}.Debug|Any CPU.Build.0 = Debug|Any CPU
		{2450ACF8-FB9F-4D0E-A709-3EEC919A3F18}.Release|Any CPU.ActiveCfg = Release|Any CPU
		{2450ACF8-FB9F-4D0E-A709-3EEC919A3F18}.Release|Any CPU.Build.0 = Release|Any CPU
		{6419E0D9-8FF8-4952-A2D0-31B6364684CE}.Debug|Any CPU.ActiveCfg = Debug|Any CPU
		{6419E0D9-8FF8-4952-A2D0-31B6364684CE}.Debug|Any CPU.Build.0 = Debug|Any CPU
		{6419E0D9-8FF8-4952-A2D0-31B6364684CE}.Release|Any CPU.ActiveCfg = Release|Any CPU
		{6419E0D9-8FF8-4952-A2D0-31B6364684CE}.Release|Any CPU.Build.0 = Release|Any CPU
		{CD700B3B-B347-42AB-94D9-0F85E25E3CDE}.Debug|Any CPU.ActiveCfg = Debug|Any CPU
		{CD700B3B-B347-42AB-94D9-0F85E25E3CDE}.Debug|Any CPU.Build.0 = Debug|Any CPU
		{CD700B3B-B347-42AB-94D9-0F85E25E3CDE}.Release|Any CPU.ActiveCfg = Release|Any CPU
		{CD700B3B-B347-42AB-94D9-0F85E25E3CDE}.Release|Any CPU.Build.0 = Release|Any CPU
		{5886D87A-BA68-4DBB-8DDF-4EC36111BA05}.Debug|Any CPU.ActiveCfg = Debug|Any CPU
		{5886D87A-BA68-4DBB-8DDF-4EC36111BA05}.Debug|Any CPU.Build.0 = Debug|Any CPU
		{5886D87A-BA68-4DBB-8DDF-4EC36111BA05}.Release|Any CPU.ActiveCfg = Release|Any CPU
		{5886D87A-BA68-4DBB-8DDF-4EC36111BA05}.Release|Any CPU.Build.0 = Release|Any CPU
	EndGlobalSection
	GlobalSection(SolutionProperties) = preSolution
		HideSolutionNode = FALSE
	EndGlobalSection
	GlobalSection(ExtensibilityGlobals) = postSolution
		SolutionGuid = {A72BBB79-C0E8-46AD-8C74-B376F0F4E7B7}
	EndGlobalSection
EndGlobal
